
Microsoft Visual Studio Solution File, Format Version 12.00
# Visual Studio 2013
VisualStudioVersion = 12.0.31101.0
MinimumVisualStudioVersion = 10.0.40219.1
Project("{FAE04EC0-301F-11D3-BF4B-00C04F79EFBC}") = "MyBuild", "MyBuild\MyBuild.csproj", "{BCC746AA-C968-4431-AFC8-9AE8ECEF8590}"
EndProject
Project("{FAE04EC0-301F-11D3-BF4B-00C04F79EFBC}") = "StringIntCompare", "StringIntCompare\StringIntCompare.csproj", "{108CE9D7-A087-4749-8BD4-889E02719E67}"
EndProject
Project("{FAE04EC0-301F-11D3-BF4B-00C04F79EFBC}") = "CalorieCountCompare", "CalorieCountCompare\CalorieCountCompare.csproj", "{F7426BBB-A000-4A8F-BABA-E0C2F97B3714}"
EndProject
Project("{FAE04EC0-301F-11D3-BF4B-00C04F79EFBC}") = "SortItems", "SortItems\SortItems\SortItems.csproj", "{5B43CBE9-D643-476B-9950-187954AB7DC3}"
EndProject
Project("{FAE04EC0-301F-11D3-BF4B-00C04F79EFBC}") = "EqualityComparerDemo", "EqualityComparerDemo\EqualityComparerDemo\EqualityComparerDemo.csproj", "{CF03286B-FD2D-4A42-8DD0-E0754A4C7F25}"
EndProject
Project("{FAE04EC0-301F-11D3-BF4B-00C04F79EFBC}") = "StringComparers", "StringComparers\StringComparers\StringComparers.csproj", "{3219E161-486F-4F37-894B-BE0FF3E6CD6C}"
EndProject
Project("{FAE04EC0-301F-11D3-BF4B-00C04F79EFBC}") = "InconsistentSorting", "InconsistentSorting\InconsistentSorting\InconsistentSorting.csproj", "{371EAE30-74F2-4856-B265-45F79FAE7605}"
EndProject
Global
	GlobalSection(SolutionConfigurationPlatforms) = preSolution
		Debug|Any CPU = Debug|Any CPU
		Debug|Mixed Platforms = Debug|Mixed Platforms
		Debug|x86 = Debug|x86
		Release|Any CPU = Release|Any CPU
		Release|Mixed Platforms = Release|Mixed Platforms
		Release|x86 = Release|x86
	EndGlobalSection
	GlobalSection(ProjectConfigurationPlatforms) = postSolution
		{BCC746AA-C968-4431-AFC8-9AE8ECEF8590}.Debug|Any CPU.ActiveCfg = Debug|Any CPU
		{BCC746AA-C968-4431-AFC8-9AE8ECEF8590}.Debug|Any CPU.Build.0 = Debug|Any CPU
		{BCC746AA-C968-4431-AFC8-9AE8ECEF8590}.Debug|Mixed Platforms.ActiveCfg = Debug|Any CPU
		{BCC746AA-C968-4431-AFC8-9AE8ECEF8590}.Debug|Mixed Platforms.Build.0 = Debug|Any CPU
		{BCC746AA-C968-4431-AFC8-9AE8ECEF8590}.Debug|x86.ActiveCfg = Debug|Any CPU
		{BCC746AA-C968-4431-AFC8-9AE8ECEF8590}.Release|Any CPU.ActiveCfg = Release|Any CPU
		{BCC746AA-C968-4431-AFC8-9AE8ECEF8590}.Release|Any CPU.Build.0 = Release|Any CPU
		{BCC746AA-C968-4431-AFC8-9AE8ECEF8590}.Release|Mixed Platforms.ActiveCfg = Release|Any CPU
		{BCC746AA-C968-4431-AFC8-9AE8ECEF8590}.Release|Mixed Platforms.Build.0 = Release|Any CPU
		{BCC746AA-C968-4431-AFC8-9AE8ECEF8590}.Release|x86.ActiveCfg = Release|Any CPU
		{108CE9D7-A087-4749-8BD4-889E02719E67}.Debug|Any CPU.ActiveCfg = Debug|x86
		{108CE9D7-A087-4749-8BD4-889E02719E67}.Debug|Mixed Platforms.ActiveCfg = Debug|x86
		{108CE9D7-A087-4749-8BD4-889E02719E67}.Debug|Mixed Platforms.Build.0 = Debug|x86
		{108CE9D7-A087-4749-8BD4-889E02719E67}.Debug|x86.ActiveCfg = Debug|x86
		{108CE9D7-A087-4749-8BD4-889E02719E67}.Debug|x86.Build.0 = Debug|x86
		{108CE9D7-A087-4749-8BD4-889E02719E67}.Release|Any CPU.ActiveCfg = Release|x86
		{108CE9D7-A087-4749-8BD4-889E02719E67}.Release|Mixed Platforms.ActiveCfg = Release|x86
		{108CE9D7-A087-4749-8BD4-889E02719E67}.Release|Mixed Platforms.Build.0 = Release|x86
		{108CE9D7-A087-4749-8BD4-889E02719E67}.Release|x86.ActiveCfg = Release|x86
		{108CE9D7-A087-4749-8BD4-889E02719E67}.Release|x86.Build.0 = Release|x86
		{F7426BBB-A000-4A8F-BABA-E0C2F97B3714}.Debug|Any CPU.ActiveCfg = Debug|x86
		{F7426BBB-A000-4A8F-BABA-E0C2F97B3714}.Debug|Mixed Platforms.ActiveCfg = Debug|x86
		{F7426BBB-A000-4A8F-BABA-E0C2F97B3714}.Debug|Mixed Platforms.Build.0 = Debug|x86
		{F7426BBB-A000-4A8F-BABA-E0C2F97B3714}.Debug|x86.ActiveCfg = Debug|x86
		{F7426BBB-A000-4A8F-BABA-E0C2F97B3714}.Debug|x86.Build.0 = Debug|x86
		{F7426BBB-A000-4A8F-BABA-E0C2F97B3714}.Release|Any CPU.ActiveCfg = Release|x86
		{F7426BBB-A000-4A8F-BABA-E0C2F97B3714}.Release|Mixed Platforms.ActiveCfg = Release|x86
		{F7426BBB-A000-4A8F-BABA-E0C2F97B3714}.Release|Mixed Platforms.Build.0 = Release|x86
		{F7426BBB-A000-4A8F-BABA-E0C2F97B3714}.Release|x86.ActiveCfg = Release|x86
		{F7426BBB-A000-4A8F-BABA-E0C2F97B3714}.Release|x86.Build.0 = Release|x86
		{5B43CBE9-D643-476B-9950-187954AB7DC3}.Debug|Any CPU.ActiveCfg = Debug|x86
		{5B43CBE9-D643-476B-9950-187954AB7DC3}.Debug|Mixed Platforms.ActiveCfg = Debug|x86
		{5B43CBE9-D643-476B-9950-187954AB7DC3}.Debug|Mixed Platforms.Build.0 = Debug|x86
		{5B43CBE9-D643-476B-9950-187954AB7DC3}.Debug|x86.ActiveCfg = Debug|x86
		{5B43CBE9-D643-476B-9950-187954AB7DC3}.Debug|x86.Build.0 = Debug|x86
		{5B43CBE9-D643-476B-9950-187954AB7DC3}.Release|Any CPU.ActiveCfg = Release|x86
		{5B43CBE9-D643-476B-9950-187954AB7DC3}.Release|Mixed Platforms.ActiveCfg = Release|x86
		{5B43CBE9-D643-476B-9950-187954AB7DC3}.Release|Mixed Platforms.Build.0 = Release|x86
		{5B43CBE9-D643-476B-9950-187954AB7DC3}.Release|x86.ActiveCfg = Release|x86
		{5B43CBE9-D643-476B-9950-187954AB7DC3}.Release|x86.Build.0 = Release|x86
		{CF03286B-FD2D-4A42-8DD0-E0754A4C7F25}.Debug|Any CPU.ActiveCfg = Debug|x86
		{CF03286B-FD2D-4A42-8DD0-E0754A4C7F25}.Debug|Mixed Platforms.ActiveCfg = Debug|x86
		{CF03286B-FD2D-4A42-8DD0-E0754A4C7F25}.Debug|Mixed Platforms.Build.0 = Debug|x86
		{CF03286B-FD2D-4A42-8DD0-E0754A4C7F25}.Debug|x86.ActiveCfg = Debug|x86
		{CF03286B-FD2D-4A42-8DD0-E0754A4C7F25}.Debug|x86.Build.0 = Debug|x86
		{CF03286B-FD2D-4A42-8DD0-E0754A4C7F25}.Release|Any CPU.ActiveCfg = Release|x86
		{CF03286B-FD2D-4A42-8DD0-E0754A4C7F25}.Release|Mixed Platforms.ActiveCfg = Release|x86
		{CF03286B-FD2D-4A42-8DD0-E0754A4C7F25}.Release|Mixed Platforms.Build.0 = Release|x86
		{CF03286B-FD2D-4A42-8DD0-E0754A4C7F25}.Release|x86.ActiveCfg = Release|x86
		{CF03286B-FD2D-4A42-8DD0-E0754A4C7F25}.Release|x86.Build.0 = Release|x86
		{3219E161-486F-4F37-894B-BE0FF3E6CD6C}.Debug|Any CPU.ActiveCfg = Debug|x86
		{3219E161-486F-4F37-894B-BE0FF3E6CD6C}.Debug|Mixed Platforms.ActiveCfg = Debug|x86
		{3219E161-486F-4F37-894B-BE0FF3E6CD6C}.Debug|Mixed Platforms.Build.0 = Debug|x86
		{3219E161-486F-4F37-894B-BE0FF3E6CD6C}.Debug|x86.ActiveCfg = Debug|x86
		{3219E161-486F-4F37-894B-BE0FF3E6CD6C}.Debug|x86.Build.0 = Debug|x86
		{3219E161-486F-4F37-894B-BE0FF3E6CD6C}.Release|Any CPU.ActiveCfg = Release|x86
		{3219E161-486F-4F37-894B-BE0FF3E6CD6C}.Release|Mixed Platforms.ActiveCfg = Release|x86
		{3219E161-486F-4F37-894B-BE0FF3E6CD6C}.Release|Mixed Platforms.Build.0 = Release|x86
		{3219E161-486F-4F37-894B-BE0FF3E6CD6C}.Release|x86.ActiveCfg = Release|x86
		{3219E161-486F-4F37-894B-BE0FF3E6CD6C}.Release|x86.Build.0 = Release|x86
		{371EAE30-74F2-4856-B265-45F79FAE7605}.Debug|Any CPU.ActiveCfg = Debug|x86
		{371EAE30-74F2-4856-B265-45F79FAE7605}.Debug|Mixed Platforms.ActiveCfg = Debug|x86
		{371EAE30-74F2-4856-B265-45F79FAE7605}.Debug|Mixed Platforms.Build.0 = Debug|x86
		{371EAE30-74F2-4856-B265-45F79FAE7605}.Debug|x86.ActiveCfg = Debug|x86
		{371EAE30-74F2-4856-B265-45F79FAE7605}.Debug|x86.Build.0 = Debug|x86
		{371EAE30-74F2-4856-B265-45F79FAE7605}.Release|Any CPU.ActiveCfg = Release|x86
		{371EAE30-74F2-4856-B265-45F79FAE7605}.Release|Mixed Platforms.ActiveCfg = Release|x86
		{371EAE30-74F2-4856-B265-45F79FAE7605}.Release|Mixed Platforms.Build.0 = Release|x86
		{371EAE30-74F2-4856-B265-45F79FAE7605}.Release|x86.ActiveCfg = Release|x86
		{371EAE30-74F2-4856-B265-45F79FAE7605}.Release|x86.Build.0 = Release|x86
	EndGlobalSection
	GlobalSection(SolutionProperties) = preSolution
		HideSolutionNode = FALSE
	EndGlobalSection
EndGlobal
